
Microsoft Visual Studio Solution File, Format Version 12.00
# Visual Studio Version 16
VisualStudioVersion = 16.0.29509.3
MinimumVisualStudioVersion = 10.0.40219.1
Project("{8BC9CEB8-8B4A-11D0-8D11-00A0C91BC942}") = "Project222", "Project222\Project222.vcxproj", "{4D857C2C-8089-4AD1-AF5E-59048665FF48}"
EndProject
Global
	GlobalSection(SolutionConfigurationPlatforms) = preSolution
		Debug|x64 = Debug|x64
		Debug|x86 = Debug|x86
		Release|x64 = Release|x64
		Release|x86 = Release|x86
	EndGlobalSection
	GlobalSection(ProjectConfigurationPlatforms) = postSolution
		{4D857C2C-8089-4AD1-AF5E-59048665FF48}.Debug|x64.ActiveCfg = Debug|x64
		{4D857C2C-8089-4AD1-AF5E-59048665FF48}.Debug|x64.Build.0 = Debug|x64
		{4D857C2C-8089-4AD1-AF5E-59048665FF48}.Debug|x86.ActiveCfg = Debug|Win32
		{4D857C2C-8089-4AD1-AF5E-59048665FF48}.Debug|x86.Build.0 = Debug|Win32
		{4D857C2C-8089-4AD1-AF5E-59048665FF48}.Release|x64.ActiveCfg = Release|x64
		{4D857C2C-8089-4AD1-AF5E-59048665FF48}.Release|x64.Build.0 = Release|x64
		{4D857C2C-8089-4AD1-AF5E-59048665FF48}.Release|x86.ActiveCfg = Release|Win32
		{4D857C2C-8089-4AD1-AF5E-59048665FF48}.Release|x86.Build.0 = Release|Win32
	EndGlobalSection
	GlobalSection(SolutionProperties) = preSolution
		HideSolutionNode = FALSE
	EndGlobalSection
	GlobalSection(ExtensibilityGlobals) = postSolution
		SolutionGuid = {8AD9FB81-1CA8-4043-A080-AE4FB66A78B8}
	EndGlobalSection
EndGlobal
